
Microsoft Visual Studio Solution File, Format Version 12.00
# Visual Studio 2012
Project("{FAE04EC0-301F-11D3-BF4B-00C04F79EFBC}") = "Ricardo.SDWebImage.iOS", "Ricardo.SDWebImage.iOS\Ricardo.SDWebImage.iOS.csproj", "{CF290251-0AEB-404C-84A3-4698A339AE93}"
EndProject
Project("{FAE04EC0-301F-11D3-BF4B-00C04F79EFBC}") = "Ricardo.SDWebImage.iOS.Sample", "Ricardo.SDWebImage.iOS.Sample\Ricardo.SDWebImage.iOS.Sample.csproj", "{84346334-B155-4A9A-B2D5-8CB5D958D8B5}"
EndProject
Global
	GlobalSection(SolutionConfigurationPlatforms) = preSolution
		Debug|Any CPU = Debug|Any CPU
		Release|Any CPU = Release|Any CPU
		Debug|iPhoneSimulator = Debug|iPhoneSimulator
		Release|iPhone = Release|iPhone
		Release|iPhoneSimulator = Release|iPhoneSimulator
		Debug|iPhone = Debug|iPhone
	EndGlobalSection
	GlobalSection(ProjectConfigurationPlatforms) = postSolution
		{CF290251-0AEB-404C-84A3-4698A339AE93}.Debug|Any CPU.ActiveCfg = Debug|Any CPU
		{CF290251-0AEB-404C-84A3-4698A339AE93}.Debug|Any CPU.Build.0 = Debug|Any CPU
		{CF290251-0AEB-404C-84A3-4698A339AE93}.Release|Any CPU.ActiveCfg = Release|Any CPU
		{CF290251-0AEB-404C-84A3-4698A339AE93}.Release|Any CPU.Build.0 = Release|Any CPU
		{CF290251-0AEB-404C-84A3-4698A339AE93}.Debug|iPhoneSimulator.ActiveCfg = Debug|Any CPU
		{CF290251-0AEB-404C-84A3-4698A339AE93}.Debug|iPhoneSimulator.Build.0 = Debug|Any CPU
		{CF290251-0AEB-404C-84A3-4698A339AE93}.Release|iPhone.ActiveCfg = Release|Any CPU
		{CF290251-0AEB-404C-84A3-4698A339AE93}.Release|iPhone.Build.0 = Release|Any CPU
		{CF290251-0AEB-404C-84A3-4698A339AE93}.Release|iPhoneSimulator.ActiveCfg = Release|Any CPU
		{CF290251-0AEB-404C-84A3-4698A339AE93}.Release|iPhoneSimulator.Build.0 = Release|Any CPU
		{CF290251-0AEB-404C-84A3-4698A339AE93}.Debug|iPhone.ActiveCfg = Debug|Any CPU
		{CF290251-0AEB-404C-84A3-4698A339AE93}.Debug|iPhone.Build.0 = Debug|Any CPU
		{84346334-B155-4A9A-B2D5-8CB5D958D8B5}.Debug|Any CPU.ActiveCfg = Debug|iPhoneSimulator
		{84346334-B155-4A9A-B2D5-8CB5D958D8B5}.Debug|Any CPU.Build.0 = Debug|iPhoneSimulator
		{84346334-B155-4A9A-B2D5-8CB5D958D8B5}.Release|Any CPU.ActiveCfg = Release|iPhone
		{84346334-B155-4A9A-B2D5-8CB5D958D8B5}.Release|Any CPU.Build.0 = Release|iPhone
		{84346334-B155-4A9A-B2D5-8CB5D958D8B5}.Debug|iPhoneSimulator.ActiveCfg = Debug|iPhoneSimulator
		{84346334-B155-4A9A-B2D5-8CB5D958D8B5}.Debug|iPhoneSimulator.Build.0 = Debug|iPhoneSimulator
		{84346334-B155-4A9A-B2D5-8CB5D958D8B5}.Release|iPhone.ActiveCfg = Release|iPhone
		{84346334-B155-4A9A-B2D5-8CB5D958D8B5}.Release|iPhone.Build.0 = Release|iPhone
		{84346334-B155-4A9A-B2D5-8CB5D958D8B5}.Release|iPhoneSimulator.ActiveCfg = Release|iPhoneSimulator
		{84346334-B155-4A9A-B2D5-8CB5D958D8B5}.Release|iPhoneSimulator.Build.0 = Release|iPhoneSimulator
		{84346334-B155-4A9A-B2D5-8CB5D958D8B5}.Debug|iPhone.ActiveCfg = Debug|iPhone
		{84346334-B155-4A9A-B2D5-8CB5D958D8B5}.Debug|iPhone.Build.0 = Debug|iPhone
	EndGlobalSection
EndGlobal
